
Microsoft Visual Studio Solution File, Format Version 12.00
# Visual Studio Version 17
VisualStudioVersion = 17.7.34221.43
MinimumVisualStudioVersion = 10.0.40219.1
Project("{8BC9CEB8-8B4A-11D0-8D11-00A0C91BC942}") = "DiamorphineGuard", "DiamorphineGuard.vcxproj", "{4D594C03-40A6-4F9E-86B3-8AAAC329F33A}"
EndProject
Project("{8BC9CEB8-8B4A-11D0-8D11-00A0C91BC942}") = "ProtectProcess", "..\ProtectProcess\ProtectProcess\ProtectProcess.vcxproj", "{E204B73B-96CD-4CAD-990D-5ABC7A281A37}"
EndProject
Global
	GlobalSection(SolutionConfigurationPlatforms) = preSolution
		Debug|x64 = Debug|x64
		Debug|x86 = Debug|x86
		Release|x64 = Release|x64
		Release|x86 = Release|x86
	EndGlobalSection
	GlobalSection(ProjectConfigurationPlatforms) = postSolution
		{4D594C03-40A6-4F9E-86B3-8AAAC329F33A}.Debug|x64.ActiveCfg = Release|x64
		{4D594C03-40A6-4F9E-86B3-8AAAC329F33A}.Debug|x64.Build.0 = Release|x64
		{4D594C03-40A6-4F9E-86B3-8AAAC329F33A}.Debug|x86.ActiveCfg = Release|Win32
		{4D594C03-40A6-4F9E-86B3-8AAAC329F33A}.Debug|x86.Build.0 = Release|Win32
		{4D594C03-40A6-4F9E-86B3-8AAAC329F33A}.Release|x64.ActiveCfg = Release|x64
		{4D594C03-40A6-4F9E-86B3-8AAAC329F33A}.Release|x64.Build.0 = Release|x64
		{4D594C03-40A6-4F9E-86B3-8AAAC329F33A}.Release|x86.ActiveCfg = Release|Win32
		{4D594C03-40A6-4F9E-86B3-8AAAC329F33A}.Release|x86.Build.0 = Release|Win32
		{E204B73B-96CD-4CAD-990D-5ABC7A281A37}.Debug|x64.ActiveCfg = Debug|x64
		{E204B73B-96CD-4CAD-990D-5ABC7A281A37}.Debug|x64.Build.0 = Debug|x64
		{E204B73B-96CD-4CAD-990D-5ABC7A281A37}.Debug|x86.ActiveCfg = Debug|Win32
		{E204B73B-96CD-4CAD-990D-5ABC7A281A37}.Debug|x86.Build.0 = Debug|Win32
		{E204B73B-96CD-4CAD-990D-5ABC7A281A37}.Release|x64.ActiveCfg = Release|x64
		{E204B73B-96CD-4CAD-990D-5ABC7A281A37}.Release|x64.Build.0 = Release|x64
		{E204B73B-96CD-4CAD-990D-5ABC7A281A37}.Release|x86.ActiveCfg = Release|Win32
		{E204B73B-96CD-4CAD-990D-5ABC7A281A37}.Release|x86.Build.0 = Release|Win32
	EndGlobalSection
	GlobalSection(SolutionProperties) = preSolution
		HideSolutionNode = FALSE
	EndGlobalSection
	GlobalSection(ExtensibilityGlobals) = postSolution
		SolutionGuid = {07C43714-8049-450C-8437-F90C41737DAF}
	EndGlobalSection
EndGlobal
